
Microsoft Visual Studio Solution File, Format Version 12.00
# Visual Studio 2013
VisualStudioVersion = 12.0.31101.0
MinimumVisualStudioVersion = 10.0.40219.1
Project("{FAE04EC0-301F-11D3-BF4B-00C04F79EFBC}") = "Utils", "Utils\Utils.csproj", "{921D0E64-41AC-423A-B3BB-0438EE870A62}"
EndProject
Project("{FAE04EC0-301F-11D3-BF4B-00C04F79EFBC}") = "Utils.Specs", "Utils.Specs\Utils.Specs.csproj", "{E150EC85-5A02-40E2-BBFD-F0A24F76F8E2}"
EndProject
Project("{2150E333-8FDC-42A3-9474-1A3956D46DE8}") = ".nuget", ".nuget", "{8FDBC019-FBF8-4C43-A6FF-E1A0071C8FE9}"
	ProjectSection(SolutionItems) = preProject
		.nuget\packages.config = .nuget\packages.config
	EndProjectSection
EndProject
Project("{FAE04EC0-301F-11D3-BF4B-00C04F79EFBC}") = "Utils.MSTest", "Utils.MSTest\Utils.MSTest.csproj", "{110A0885-ED83-405E-BB98-582E58F46EB1}"
EndProject
Project("{FAE04EC0-301F-11D3-BF4B-00C04F79EFBC}") = "Utils.Domain.Seedwork", "Utils.Domain.Seedwork\Utils.Domain.Seedwork.csproj", "{51819F27-0D09-4B5C-A38B-DB94E3B3240B}"
EndProject
Project("{FAE04EC0-301F-11D3-BF4B-00C04F79EFBC}") = "Utils.Domain.Seedwork.MSTest", "Utils.Domain.Seedwork.MSTest\Utils.Domain.Seedwork.MSTest.csproj", "{317C4A47-A98A-40D1-9631-3181BE976C85}"
EndProject
Project("{FAE04EC0-301F-11D3-BF4B-00C04F79EFBC}") = "Utils.Data.Seedwork", "Utils.Data.Seedwork\Utils.Data.Seedwork.csproj", "{261777F3-099D-4034-A4D4-9CF18780662D}"
EndProject
Project("{FAE04EC0-301F-11D3-BF4B-00C04F79EFBC}") = "Utils.Infrastructure.Crosscutting", "Utils.Infrastructure.Crosscutting\Utils.Infrastructure.Crosscutting.csproj", "{844F6CE3-7DCF-4844-9D84-38B19BC4345B}"
EndProject
Global
	GlobalSection(SolutionConfigurationPlatforms) = preSolution
		Debug|Any CPU = Debug|Any CPU
		Release|Any CPU = Release|Any CPU
	EndGlobalSection
	GlobalSection(ProjectConfigurationPlatforms) = postSolution
		{921D0E64-41AC-423A-B3BB-0438EE870A62}.Debug|Any CPU.ActiveCfg = Debug|Any CPU
		{921D0E64-41AC-423A-B3BB-0438EE870A62}.Debug|Any CPU.Build.0 = Debug|Any CPU
		{921D0E64-41AC-423A-B3BB-0438EE870A62}.Release|Any CPU.ActiveCfg = Release|Any CPU
		{921D0E64-41AC-423A-B3BB-0438EE870A62}.Release|Any CPU.Build.0 = Release|Any CPU
		{E150EC85-5A02-40E2-BBFD-F0A24F76F8E2}.Debug|Any CPU.ActiveCfg = Debug|Any CPU
		{E150EC85-5A02-40E2-BBFD-F0A24F76F8E2}.Debug|Any CPU.Build.0 = Debug|Any CPU
		{E150EC85-5A02-40E2-BBFD-F0A24F76F8E2}.Release|Any CPU.ActiveCfg = Release|Any CPU
		{E150EC85-5A02-40E2-BBFD-F0A24F76F8E2}.Release|Any CPU.Build.0 = Release|Any CPU
		{110A0885-ED83-405E-BB98-582E58F46EB1}.Debug|Any CPU.ActiveCfg = Debug|Any CPU
		{110A0885-ED83-405E-BB98-582E58F46EB1}.Debug|Any CPU.Build.0 = Debug|Any CPU
		{110A0885-ED83-405E-BB98-582E58F46EB1}.Release|Any CPU.ActiveCfg = Release|Any CPU
		{110A0885-ED83-405E-BB98-582E58F46EB1}.Release|Any CPU.Build.0 = Release|Any CPU
		{51819F27-0D09-4B5C-A38B-DB94E3B3240B}.Debug|Any CPU.ActiveCfg = Debug|Any CPU
		{51819F27-0D09-4B5C-A38B-DB94E3B3240B}.Debug|Any CPU.Build.0 = Debug|Any CPU
		{51819F27-0D09-4B5C-A38B-DB94E3B3240B}.Release|Any CPU.ActiveCfg = Release|Any CPU
		{51819F27-0D09-4B5C-A38B-DB94E3B3240B}.Release|Any CPU.Build.0 = Release|Any CPU
		{317C4A47-A98A-40D1-9631-3181BE976C85}.Debug|Any CPU.ActiveCfg = Debug|Any CPU
		{317C4A47-A98A-40D1-9631-3181BE976C85}.Debug|Any CPU.Build.0 = Debug|Any CPU
		{317C4A47-A98A-40D1-9631-3181BE976C85}.Release|Any CPU.ActiveCfg = Release|Any CPU
		{317C4A47-A98A-40D1-9631-3181BE976C85}.Release|Any CPU.Build.0 = Release|Any CPU
		{261777F3-099D-4034-A4D4-9CF18780662D}.Debug|Any CPU.ActiveCfg = Debug|Any CPU
		{261777F3-099D-4034-A4D4-9CF18780662D}.Debug|Any CPU.Build.0 = Debug|Any CPU
		{261777F3-099D-4034-A4D4-9CF18780662D}.Release|Any CPU.ActiveCfg = Release|Any CPU
		{261777F3-099D-4034-A4D4-9CF18780662D}.Release|Any CPU.Build.0 = Release|Any CPU
		{844F6CE3-7DCF-4844-9D84-38B19BC4345B}.Debug|Any CPU.ActiveCfg = Debug|Any CPU
		{844F6CE3-7DCF-4844-9D84-38B19BC4345B}.Debug|Any CPU.Build.0 = Debug|Any CPU
		{844F6CE3-7DCF-4844-9D84-38B19BC4345B}.Release|Any CPU.ActiveCfg = Release|Any CPU
		{844F6CE3-7DCF-4844-9D84-38B19BC4345B}.Release|Any CPU.Build.0 = Release|Any CPU
	EndGlobalSection
	GlobalSection(SolutionProperties) = preSolution
		HideSolutionNode = FALSE
	EndGlobalSection
EndGlobal
